<?xml version="1.0" encoding="UTF-8" standalone="yes" ?>
<CodeBlocks_project_file>
	<FileVersion major="1" minor="6" />
	<Project>
		<Option title="fTool" />
		<Option pch_mode="2" />
		<Option compiler="gcc" />
		<Build>
			<Target title="Release">
				<Option output="bin/Release/fTool" prefix_auto="1" extension_auto="1" />
				<Option object_output="obj/Release/" />
				<Option type="0" />
				<Option compiler="gcc" />
				<Compiler>
					<Add option="-O2" />
					<Add option="-s" />
				</Compiler>
			</Target>
		</Build>
		<Compiler>
			<Add option="-Oz" />
			<Add option="-g0" />
			<Add option="-s" />
			<Add option="-Wl,--gc-sections" />
			<Add option="-ffunction-sections" />
			<Add option="-fdata-sections" />
			<Add option="-fno-rtti" />
			<Add option="-fno-stack-protector" />
			<Add option="-fno-unwind-tables" />
			<Add option="-fno-math-errno" />
			<Add option="-fno-unroll-loops" />
			<Add option="-fmerge-all-constants" />
			<Add option="-fno-ident" />
			<Add option="-mfpmath=387" />
			<Add option="-mfancy-math-387" />
			<Add option="-fsingle-precision-constant" />
			<Add option="-ffast-math" />
			<Add option="-Wl,-z,norelro" />
			<Add option="-DWIN32" />
			<Add directory="C:/msys64/ucrt64/include" />
		</Compiler>
		<Linker>
			<Add option="-L/ucrt64/lib -mwindows -lfltk -lgdiplus -lgdiplus -lole32 -luuid -lcomctl32 -lws2_32 -lwinspool" />
			<Add directory="C:/msys64/ucrt64/lib" />
		</Linker>
		<Unit filename="fToolUI.cxx" />
		<Unit filename="fToolUI.h" />
		<Unit filename="ini.h" />
		<Unit filename="log.c">
			<Option compilerVar="CC" />
		</Unit>
		<Unit filename="log.h" />
		<Unit filename="main.cpp" />
		<Extensions />
	</Project>
</CodeBlocks_project_file>
